# Complete runtime closure for ubuntu-latest x86_64 / CPython 3.12.
# Resolved from requirements.txt with pip download --only-binary=:all: on Linux/Python 3.12.
# Hashes authorize only the selected compatible wheels, not source distributions.
# Regenerate during development, never in the privileged workflow; review pins/hashes.
cachetools==5.5.2 \
    --hash=sha256:d26a22bcc62eb95c3beabd9f1ee5e820d3d2704fe2967cbe350e20c8ffcd3f0a
certifi==2026.7.22 \
    --hash=sha256:62f22742b58a1a33014a2b6b706588a8d7e2a88ae7bd1a6ebe8c992928483775
charset-normalizer==3.5.2 \
    --hash=sha256:3d31298449090ab8d47b7b1b2a555ff73cac7ed438a08b7ac160980c7ebed649
google-api-core==2.42.0 \
    --hash=sha256:b1bdf4f72dc4f910736ce4ba49038352effbbc309579215107649b22973a1317
google-auth==2.40.3 \
    --hash=sha256:1370d4593e86213563547f97a92752fc658456fe4514c809544f330fed45a7ca
google-cloud-core==2.8.0 \
    --hash=sha256:e235b0952f7ffe7b9c71a4cf96b506d9cfb557e22557c412f0df9b7068b5d007
google-cloud-secret-manager==2.24.0 \
    --hash=sha256:9bea1254827ecc14874bc86c63b899489f8f50bfe1442bfb2517530b30b3a89b
google-cloud-storage==3.3.0 \
    --hash=sha256:0338ecd6621b3ecacb108f1cf7513ff0d1bca7f1ff4d58e0220b59f3a725ff23
google-crc32c==1.9.0 \
    --hash=sha256:3abb18297d9ef0ab120531838be0e6d68c9fa876570e11c229c48f2edac23ce7
google-resumable-media==2.11.0 \
    --hash=sha256:f43d15e6a7f818f762eaead0f369c551f8275a4179c9d6225d0d259f49b87b5d
googleapis-common-protos==1.75.5 \
    --hash=sha256:d7285525c23039db98f2463e6d5a4f9b958b94d497f03a844ece3259c4e72d5d
grpc-google-iam-v1==0.14.5 \
    --hash=sha256:0f5e680b20aa0a9441e68c769da04d94d70fca4e43751a82d8abb8aa6a7181ca
grpcio==1.84.0 \
    --hash=sha256:b44f0a0fc7bc6677d38cc80bca1a32814ce6c8f200fb8b3c1a61c9d77eaefbf3
grpcio-status==1.84.0 \
    --hash=sha256:0c182ca0d6e60acbfd0e14499cf39a155e4827a1c3fd9f7638e49af15a74c30a
idna==3.20 \
    --hash=sha256:ab7ae7122974553370f0bdb919e1a960b2cd1bc1ef0276416d896db81c14582c
opentelemetry-api==1.45.1 \
    --hash=sha256:b31553efa588ae44bc306f863c785c5333a9ecc091248c6ee68b4b6c87fdedfb
proto-plus==1.29.0 \
    --hash=sha256:8acd070469a7aaf43f440b022ef9757c8cac1a9f866e933f59ae98669ddc6c8b
protobuf==6.33.6 \
    --hash=sha256:e9db7e292e0ab79dd108d7f1a94fe31601ce1ee3f7b79e0692043423020b0593
pyasn1==0.6.4 \
    --hash=sha256:deda9277cfd454080ec40b207fb6df82206a3a2688735233cdcd8d3d565f088b
pyasn1-modules==0.4.2 \
    --hash=sha256:29253a9207ce32b64c3ac6600edc75368f98473906e8fd1043bd6b5b1de2c14a
requests==2.34.2 \
    --hash=sha256:2a0d60c172f83ac6ab31e4554906c0f3b3588d37b5cb939b1c061f4907e278e0
rsa==4.9.1 \
    --hash=sha256:68635866661c6836b8d39430f97a996acbd61bfa49406748ea243539fe239762
typing-extensions==4.16.0 \
    --hash=sha256:481caa481374e813c1b176ada14e97f1f67a4539ce9cfeb3f350d78d6370c2e8
urllib3==2.8.0 \
    --hash=sha256:0cf3cae568d36aa9576b28dfb35f11328f1cb974ca7647d9475ebb86c75ac6e3
